
Microsoft Visual Studio Solution File, Format Version 12.00
# Visual Studio Version 17
VisualStudioVersion = 17.5.002.0
MinimumVisualStudioVersion = 10.0.40219.1
Project("{9A19103F-16F7-4668-BE54-9A1E7A4F7556}") = "DesafioPOO", "DesafioPOO.csproj", "{2026A353-804E-463F-8954-40C48C3C6DF0}"
EndProject
Global
	GlobalSection(SolutionConfigurationPlatforms) = preSolution
		Debug|Any CPU = Debug|Any CPU
		Release|Any CPU = Release|Any CPU
	EndGlobalSection
	GlobalSection(ProjectConfigurationPlatforms) = postSolution
		{2026A353-804E-463F-8954-40C48C3C6DF0}.Debug|Any CPU.ActiveCfg = Debug|Any CPU
		{2026A353-804E-463F-8954-40C48C3C6DF0}.Debug|Any CPU.Build.0 = Debug|Any CPU
		{2026A353-804E-463F-8954-40C48C3C6DF0}.Release|Any CPU.ActiveCfg = Release|Any CPU
		{2026A353-804E-463F-8954-40C48C3C6DF0}.Release|Any CPU.Build.0 = Release|Any CPU
	EndGlobalSection
	GlobalSection(SolutionProperties) = preSolution
		HideSolutionNode = FALSE
	EndGlobalSection
	GlobalSection(ExtensibilityGlobals) = postSolution
		SolutionGuid = {8BB9BAEA-E8B8-48F1-BE0F-8C9BAAF94CA4}
	EndGlobalSection
EndGlobal
